
Microsoft Visual Studio Solution File, Format Version 12.00
# Visual Studio Version 16
VisualStudioVersion = 16.0.29519.181
MinimumVisualStudioVersion = 10.0.40219.1
Project("{FAE04EC0-301F-11D3-BF4B-00C04F79EFBC}") = "Iterator", "Iterator\Iterator.csproj", "{CFFA1BAB-B24E-4233-9CD1-64D150A2AB49}"
EndProject
Global
	GlobalSection(SolutionConfigurationPlatforms) = preSolution
		Debug|Any CPU = Debug|Any CPU
		Release|Any CPU = Release|Any CPU
	EndGlobalSection
	GlobalSection(ProjectConfigurationPlatforms) = postSolution
		{CFFA1BAB-B24E-4233-9CD1-64D150A2AB49}.Debug|Any CPU.ActiveCfg = Debug|Any CPU
		{CFFA1BAB-B24E-4233-9CD1-64D150A2AB49}.Debug|Any CPU.Build.0 = Debug|Any CPU
		{CFFA1BAB-B24E-4233-9CD1-64D150A2AB49}.Release|Any CPU.ActiveCfg = Release|Any CPU
		{CFFA1BAB-B24E-4233-9CD1-64D150A2AB49}.Release|Any CPU.Build.0 = Release|Any CPU
	EndGlobalSection
	GlobalSection(SolutionProperties) = preSolution
		HideSolutionNode = FALSE
	EndGlobalSection
	GlobalSection(ExtensibilityGlobals) = postSolution
		SolutionGuid = {1D94DDD9-C688-42A2-B127-390C8047F6F8}
	EndGlobalSection
EndGlobal
